
Microsoft Visual Studio Solution File, Format Version 12.00
# Visual Studio Version 17
VisualStudioVersion = 17.7.34024.191
MinimumVisualStudioVersion = 10.0.40219.1
Project("{FAE04EC0-301F-11D3-BF4B-00C04F79EFBC}") = "QR", "QR\QR.csproj", "{1D95114D-C448-414F-9C62-D823F76C3CC4}"
EndProject
Global
	GlobalSection(SolutionConfigurationPlatforms) = preSolution
		Debug|Any CPU = Debug|Any CPU
		Release|Any CPU = Release|Any CPU
	EndGlobalSection
	GlobalSection(ProjectConfigurationPlatforms) = postSolution
		{1D95114D-C448-414F-9C62-D823F76C3CC4}.Debug|Any CPU.ActiveCfg = Debug|Any CPU
		{1D95114D-C448-414F-9C62-D823F76C3CC4}.Debug|Any CPU.Build.0 = Debug|Any CPU
		{1D95114D-C448-414F-9C62-D823F76C3CC4}.Release|Any CPU.ActiveCfg = Release|Any CPU
		{1D95114D-C448-414F-9C62-D823F76C3CC4}.Release|Any CPU.Build.0 = Release|Any CPU
	EndGlobalSection
	GlobalSection(SolutionProperties) = preSolution
		HideSolutionNode = FALSE
	EndGlobalSection
	GlobalSection(ExtensibilityGlobals) = postSolution
		SolutionGuid = {C9376170-1E46-467E-A706-8DE78F09EAE1}
	EndGlobalSection
EndGlobal
